
Microsoft Visual Studio Solution File, Format Version 12.00
# Visual Studio Version 17
VisualStudioVersion = 17.8.34511.84
MinimumVisualStudioVersion = 10.0.40219.1
Project("{FAE04EC0-301F-11D3-BF4B-00C04F79EFBC}") = "CustomDeathPenalty", "CustomDeathPenalty\CustomDeathPenalty.csproj", "{5BB0C4CB-6367-4ACD-A5F1-D488AB3DD9B3}"
EndProject
Global
	GlobalSection(SolutionConfigurationPlatforms) = preSolution
		Debug|Any CPU = Debug|Any CPU
		Release|Any CPU = Release|Any CPU
	EndGlobalSection
	GlobalSection(ProjectConfigurationPlatforms) = postSolution
		{5BB0C4CB-6367-4ACD-A5F1-D488AB3DD9B3}.Debug|Any CPU.ActiveCfg = Debug|Any CPU
		{5BB0C4CB-6367-4ACD-A5F1-D488AB3DD9B3}.Debug|Any CPU.Build.0 = Debug|Any CPU
		{5BB0C4CB-6367-4ACD-A5F1-D488AB3DD9B3}.Release|Any CPU.ActiveCfg = Release|Any CPU
		{5BB0C4CB-6367-4ACD-A5F1-D488AB3DD9B3}.Release|Any CPU.Build.0 = Release|Any CPU
	EndGlobalSection
	GlobalSection(SolutionProperties) = preSolution
		HideSolutionNode = FALSE
	EndGlobalSection
	GlobalSection(ExtensibilityGlobals) = postSolution
		SolutionGuid = {E3C28276-9AC7-41D6-B53F-ADDB59032F15}
	EndGlobalSection
EndGlobal
